{
  "name": "gamify_by_harsh",
  "version": "1.0.0",
  "lockfileVersion": 3,
  "requires": true,
  "packages": {
    "": {
      "name": "gamify_by_harsh",
      "version": "1.0.0",
      "license": "ISC",
      "dependencies": {
        "chart.js": "^4.4.7",
        "gamify_by_harsh": "^1.0.0"
      }
    },
    "node_modules/@kurkle/color": {
      "version": "0.3.4",
      "resolved": "https://registry.npmjs.org/@kurkle/color/-/color-0.3.4.tgz",
      "integrity": "sha512-M5UknZPHRu3DEDWoipU6sE8PdkZ6Z/S+v4dD+Ke8IaNlpdSQah50lz1KtcFBa2vsdOnwbbnxJwVM4wty6udA5w=="
    },
    "node_modules/chart.js": {
      "version": "4.4.7",
      "resolved": "https://registry.npmjs.org/chart.js/-/chart.js-4.4.7.tgz",
      "integrity": "sha512-pwkcKfdzTMAU/+jNosKhNL2bHtJc/sSmYgVbuGTEDhzkrhmyihmP7vUc/5ZK9WopidMDHNe3Wm7jOd/WhuHWuw==",
      "dependencies": {
        "@kurkle/color": "^0.3.0"
      },
      "engines": {
        "pnpm": ">=8"
      }
    },
    "node_modules/gamify_by_harsh": {
      "version": "1.0.0",
      "resolved": "https://registry.npmjs.org/gamify_by_harsh/-/gamify_by_harsh-1.0.0.tgz",
      "integrity": "sha512-tJ5SRFPVCUwZLlXWIrVYK8bvReJ0sr2L8LOjuvvD58LqsqSZnQLFya54sI8/DMxaPBCx3Bg4s+ULybw1saCcMw==",
      "dependencies": {
        "chart.js": "^4.4.7"
      }
    }
  }
}
